PODS:
  - Alamofire (3.4.0)
  - BCColor (0.1.2)
  - Crashlytics (3.7.1):
    - Fabric (~> 1.6.3)
  - Fabric (1.6.7)
  - PureLayout (3.0.2)
  - Realm (1.0.0):
    - Realm/Headers (= 1.0.0)
  - Realm/Headers (1.0.0)
  - RealmSwift (1.0.0):
    - Realm (= 1.0.0)
  - SwiftyJSON (2.3.2)

DEPENDENCIES:
  - Alamofire
  - BCColor
  - Crashlytics
  - Fabric
  - PureLayout
  - RealmSwift
  - SwiftyJSON

SPEC CHECKSUMS:
  Alamofire: c19a627cefd6a95f840401c49ab1f124e07f54ee
  BCColor: 9ed6ef054af829873dc9ab8c8be2e4a79c67a624
  Crashlytics: 3cdd4c9655be68032a0cf0379e0fb5ef6af22cad
  Fabric: caf7580c725e64db144f610ac65cd60956911dc7
  PureLayout: 4d550abe49a94f24c2808b9b95db9131685fe4cd
  Realm: e15cd8e7c11d3e576f628ba0b7cb855269b4991c
  RealmSwift: 3229306d020d96f83b335f87a0dcbf2cef0e6a2b
  SwiftyJSON: 04ccea08915aa0109039157c7974cf0298da292a

PODFILE CHECKSUM: ae60fc3bec9a331fd0bab4041dc70915f05f8397

COCOAPODS: 1.0.1
