// !$*UTF8*$!
{
	archiveVersion = 1;
	classes = {
	};
	objectVersion = 46;
	objects = {

/* Begin PBXBuildFile section */
		370906321D20625C006EB644 /* ColorsManager.swift in Sources */ = {isa = PBXBuildFile; fileRef = 370906311D20625C006EB644 /* ColorsManager.swift */; };
		373449D81D227580006C709B /* RedSocketURLProtocol.m in Sources */ = {isa = PBXBuildFile; fileRef = 373449D71D227580006C709B /* RedSocketURLProtocol.m */; };
		374215341D0F933100018F1B /* CheckItemCellDelegate.swift in Sources */ = {isa = PBXBuildFile; fileRef = 374215331D0F933100018F1B /* CheckItemCellDelegate.swift */; };
		374215361D0FB28500018F1B /* Encash.swift in Sources */ = {isa = PBXBuildFile; fileRef = 374215351D0FB28500018F1B /* Encash.swift */; };
		3742153A1D0FCF2200018F1B /* CashButton.swift in Sources */ = {isa = PBXBuildFile; fileRef = 374215391D0FCF2200018F1B /* CashButton.swift */; };
		3752A12E1D01AE6E00194663 /* BaseViewController.swift in Sources */ = {isa = PBXBuildFile; fileRef = 3752A12D1D01AE6E00194663 /* BaseViewController.swift */; };
		375C84EA1D045A4300F9F469 /* CategoryCollectionViewCell.swift in Sources */ = {isa = PBXBuildFile; fileRef = 375C84E81D045A4300F9F469 /* CategoryCollectionViewCell.swift */; };
		375C84EB1D045A4300F9F469 /* CategoryCollectionViewCell.xib in Resources */ = {isa = PBXBuildFile; fileRef = 375C84E91D045A4300F9F469 /* CategoryCollectionViewCell.xib */; };
		375C84F21D04627300F9F469 /* ProductConfigurable.swift in Sources */ = {isa = PBXBuildFile; fileRef = 375C84F11D04627300F9F469 /* ProductConfigurable.swift */; };
		375C84F41D04C5BB00F9F469 /* MenuCollectionDelegate.swift in Sources */ = {isa = PBXBuildFile; fileRef = 375C84F31D04C5BB00F9F469 /* MenuCollectionDelegate.swift */; };
		375C84F81D04CFF800F9F469 /* EquipmentManagementTableViewController.swift in Sources */ = {isa = PBXBuildFile; fileRef = 375C84F71D04CFF800F9F469 /* EquipmentManagementTableViewController.swift */; };
		375C84FB1D04DF4600F9F469 /* ServerManager+Registrator.swift in Sources */ = {isa = PBXBuildFile; fileRef = 375C84FA1D04DF4600F9F469 /* ServerManager+Registrator.swift */; };
		375C84FD1D04E22900F9F469 /* ServerManager+Checks.swift in Sources */ = {isa = PBXBuildFile; fileRef = 375C84FC1D04E22900F9F469 /* ServerManager+Checks.swift */; };
		375C84FF1D04E39500F9F469 /* ServerManager+ClientInfo.swift in Sources */ = {isa = PBXBuildFile; fileRef = 375C84FE1D04E39500F9F469 /* ServerManager+ClientInfo.swift */; };
		375C85021D04F4EE00F9F469 /* Settings.storyboard in Resources */ = {isa = PBXBuildFile; fileRef = 375C85001D04F4EE00F9F469 /* Settings.storyboard */; };
		375C85041D05014700F9F469 /* CardView.swift in Sources */ = {isa = PBXBuildFile; fileRef = 375C85031D05014700F9F469 /* CardView.swift */; };
		375C85071D05052700F9F469 /* CheckItemTableViewCell.swift in Sources */ = {isa = PBXBuildFile; fileRef = 375C85051D05052700F9F469 /* CheckItemTableViewCell.swift */; };
		375C85081D05052700F9F469 /* CheckItemTableViewCell.xib in Resources */ = {isa = PBXBuildFile; fileRef = 375C85061D05052700F9F469 /* CheckItemTableViewCell.xib */; };
		375C850C1D0507CB00F9F469 /* OrderManager.swift in Sources */ = {isa = PBXBuildFile; fileRef = 375C850B1D0507CB00F9F469 /* OrderManager.swift */; };
		375C850E1D050D8F00F9F469 /* OrderItem.swift in Sources */ = {isa = PBXBuildFile; fileRef = 375C850D1D050D8F00F9F469 /* OrderItem.swift */; };
		376B5ABE1D02FA270058E6A8 /* ProductCollectionViewCell.swift in Sources */ = {isa = PBXBuildFile; fileRef = 376B5ABC1D02FA270058E6A8 /* ProductCollectionViewCell.swift */; };
		376B5ABF1D02FA270058E6A8 /* ProductCollectionViewCell.xib in Resources */ = {isa = PBXBuildFile; fileRef = 376B5ABD1D02FA270058E6A8 /* ProductCollectionViewCell.xib */; };
		376D84271CF878D3008A868A /* AppDelegate.swift in Sources */ = {isa = PBXBuildFile; fileRef = 376D84261CF878D3008A868A /* AppDelegate.swift */; };
		376D842C1CF878D3008A868A /* Main.storyboard in Resources */ = {isa = PBXBuildFile; fileRef = 376D842A1CF878D3008A868A /* Main.storyboard */; };
		376D842E1CF878D3008A868A /* Assets.xcassets in Resources */ = {isa = PBXBuildFile; fileRef = 376D842D1CF878D3008A868A /* Assets.xcassets */; };
		376D84311CF878D3008A868A /* LaunchScreen.storyboard in Resources */ = {isa = PBXBuildFile; fileRef = 376D842F1CF878D3008A868A /* LaunchScreen.storyboard */; };
		376D843E1CF9194C008A868A /* ServerManager.swift in Sources */ = {isa = PBXBuildFile; fileRef = 376D843D1CF9194C008A868A /* ServerManager.swift */; };
		376D84401CF91B08008A868A /* Client.swift in Sources */ = {isa = PBXBuildFile; fileRef = 376D843F1CF91B08008A868A /* Client.swift */; };
		376D84421CF91CA2008A868A /* ServerObject.swift in Sources */ = {isa = PBXBuildFile; fileRef = 376D84411CF91CA2008A868A /* ServerObject.swift */; };
		376D84471CF91D75008A868A /* Check.swift in Sources */ = {isa = PBXBuildFile; fileRef = 376D84461CF91D75008A868A /* Check.swift */; };
		376D84491CF91DD0008A868A /* Product.swift in Sources */ = {isa = PBXBuildFile; fileRef = 376D84481CF91DD0008A868A /* Product.swift */; };
		376D844B1CF9207B008A868A /* Order.swift in Sources */ = {isa = PBXBuildFile; fileRef = 376D844A1CF9207B008A868A /* Order.swift */; };
		3779D4821D096C7C00A3A57B /* Double+StringFormatter.swift in Sources */ = {isa = PBXBuildFile; fileRef = 3779D4811D096C7C00A3A57B /* Double+StringFormatter.swift */; };
		3779D4851D0C502800A3A57B /* MenuNavigationProvider.swift in Sources */ = {isa = PBXBuildFile; fileRef = 3779D4841D0C502800A3A57B /* MenuNavigationProvider.swift */; };
		3779D4871D0C523900A3A57B /* CheckoutViewController.swift in Sources */ = {isa = PBXBuildFile; fileRef = 3779D4861D0C523900A3A57B /* CheckoutViewController.swift */; };
		3779D4891D0C62CB00A3A57B /* CashPaymentViewController.swift in Sources */ = {isa = PBXBuildFile; fileRef = 3779D4881D0C62CB00A3A57B /* CashPaymentViewController.swift */; };
		3779D48B1D0C62D700A3A57B /* CardPaymentViewController.swift in Sources */ = {isa = PBXBuildFile; fileRef = 3779D48A1D0C62D700A3A57B /* CardPaymentViewController.swift */; };
		3779D48F1D0CC9C300A3A57B /* ClientManager.swift in Sources */ = {isa = PBXBuildFile; fileRef = 3779D48E1D0CC9C300A3A57B /* ClientManager.swift */; };
		3779D4921D0CD52F00A3A57B /* ServerManager+MobileDevice.swift in Sources */ = {isa = PBXBuildFile; fileRef = 3779D4911D0CD52F00A3A57B /* ServerManager+MobileDevice.swift */; };
		37862EB81D11A79F00BBFB42 /* SumInputViewController.swift in Sources */ = {isa = PBXBuildFile; fileRef = 37862EB71D11A79F00BBFB42 /* SumInputViewController.swift */; };
		37892E0C1D00DF9500008BA4 /* ClientIdentity.swift in Sources */ = {isa = PBXBuildFile; fileRef = 37892E0B1D00DF9500008BA4 /* ClientIdentity.swift */; };
		37965AD01D11E95500F03701 /* KeyboardButton.swift in Sources */ = {isa = PBXBuildFile; fileRef = 37965ACF1D11E95500F03701 /* KeyboardButton.swift */; };
		3799B2841D1229E000B1D87C /* KeyboardDelegate.swift in Sources */ = {isa = PBXBuildFile; fileRef = 3799B2831D1229E000B1D87C /* KeyboardDelegate.swift */; };
		3799B2861D122A3300B1D87C /* PaymentControllerDelegate.swift in Sources */ = {isa = PBXBuildFile; fileRef = 3799B2851D122A3300B1D87C /* PaymentControllerDelegate.swift */; };
		37C1EDA41D01CA670018B531 /* Colors.swift in Sources */ = {isa = PBXBuildFile; fileRef = 37C1EDA31D01CA670018B531 /* Colors.swift */; };
		37C1EDA71D01D20E0018B531 /* MenuCollectionViewController.swift in Sources */ = {isa = PBXBuildFile; fileRef = 37C1EDA61D01D20E0018B531 /* MenuCollectionViewController.swift */; };
		37C1EDA91D01D2280018B531 /* CheckViewController.swift in Sources */ = {isa = PBXBuildFile; fileRef = 37C1EDA81D01D2280018B531 /* CheckViewController.swift */; };
		37C1EDAB1D01ED0D0018B531 /* UIViewController+Alert.swift in Sources */ = {isa = PBXBuildFile; fileRef = 37C1EDAA1D01ED0D0018B531 /* UIViewController+Alert.swift */; };
		37C1EDAD1D01EEDD0018B531 /* SettingsTableViewController.swift in Sources */ = {isa = PBXBuildFile; fileRef = 37C1EDAC1D01EEDD0018B531 /* SettingsTableViewController.swift */; };
		37C54F8C1D137A6000822653 /* JournalItem.swift in Sources */ = {isa = PBXBuildFile; fileRef = 37C54F8B1D137A6000822653 /* JournalItem.swift */; };
		37C54F8E1D1380A400822653 /* JournalItemTableViewCell.swift in Sources */ = {isa = PBXBuildFile; fileRef = 37C54F8D1D1380A400822653 /* JournalItemTableViewCell.swift */; };
		37C54F901D13822000822653 /* JournalTableViewController.swift in Sources */ = {isa = PBXBuildFile; fileRef = 37C54F8F1D13822000822653 /* JournalTableViewController.swift */; };
		37C58DC61CFC6D6F00049095 /* ExternalAccessory.framework in Frameworks */ = {isa = PBXBuildFile; fileRef = 37C58DC51CFC6D6F00049095 /* ExternalAccessory.framework */; };
		37C58DC81CFC6DEA00049095 /* libz.tbd in Frameworks */ = {isa = PBXBuildFile; fileRef = 37C58DC71CFC6DEA00049095 /* libz.tbd */; };
		37C58DCC1CFC6E0000049095 /* libRedSocket.a in Frameworks */ = {isa = PBXBuildFile; fileRef = 37C58DCA1CFC6E0000049095 /* libRedSocket.a */; };
		37C58DD21CFC6F1B00049095 /* CanonicalRequest.m in Sources */ = {isa = PBXBuildFile; fileRef = 37C58DCF1CFC6F1B00049095 /* CanonicalRequest.m */; };
		37C58DDC1CFCFB8C00049095 /* ServerResponse.swift in Sources */ = {isa = PBXBuildFile; fileRef = 37C58DDB1CFCFB8C00049095 /* ServerResponse.swift */; };
		37C58DDE1CFCFB9400049095 /* ServerError.swift in Sources */ = {isa = PBXBuildFile; fileRef = 37C58DDD1CFCFB9400049095 /* ServerError.swift */; };
		37C58DE01CFCFC9400049095 /* ServerManager+Menu.swift in Sources */ = {isa = PBXBuildFile; fileRef = 37C58DDF1CFCFC9400049095 /* ServerManager+Menu.swift */; };
		37C58DE21CFE315400049095 /* Settings.swift in Sources */ = {isa = PBXBuildFile; fileRef = 37C58DE11CFE315400049095 /* Settings.swift */; };
		37C58DE41CFE3C0600049095 /* Host.swift in Sources */ = {isa = PBXBuildFile; fileRef = 37C58DE31CFE3C0600049095 /* Host.swift */; };
		37C58DE71CFE486800049095 /* ServerRouter.swift in Sources */ = {isa = PBXBuildFile; fileRef = 37C58DE61CFE486800049095 /* ServerRouter.swift */; };
		37C58DE91CFE512300049095 /* WPBaseRouter.swift in Sources */ = {isa = PBXBuildFile; fileRef = 37C58DE81CFE512300049095 /* WPBaseRouter.swift */; };
		37C58DEB1CFE512900049095 /* EquipServRouter.swift in Sources */ = {isa = PBXBuildFile; fileRef = 37C58DEA1CFE512900049095 /* EquipServRouter.swift */; };
		433F28A31EB04C40990067C6 /* Pods_POSTerminal.framework in Frameworks */ = {isa = PBXBuildFile; fileRef = 9978E4E2340700188A2E3627 /* Pods_POSTerminal.framework */; };
/* End PBXBuildFile section */

/* Begin PBXFileReference section */
		370906311D20625C006EB644 /* ColorsManager.swift */ = {isa = PBXFileReference; fileEncoding = 4; lastKnownFileType = sourcecode.swift; path = ColorsManager.swift; sourceTree = "<group>"; };
		373449D71D227580006C709B /* RedSocketURLProtocol.m */ = {isa = PBXFileReference; fileEncoding = 4; lastKnownFileType = sourcecode.c.objc; path = RedSocketURLProtocol.m; sourceTree = "<group>"; };
		374215331D0F933100018F1B /* CheckItemCellDelegate.swift */ = {isa = PBXFileReference; fileEncoding = 4; lastKnownFileType = sourcecode.swift; path = CheckItemCellDelegate.swift; sourceTree = "<group>"; };
		374215351D0FB28500018F1B /* Encash.swift */ = {isa = PBXFileReference; fileEncoding = 4; lastKnownFileType = sourcecode.swift; path = Encash.swift; sourceTree = "<group>"; };
		374215391D0FCF2200018F1B /* CashButton.swift */ = {isa = PBXFileReference; fileEncoding = 4; lastKnownFileType = sourcecode.swift; path = CashButton.swift; sourceTree = "<group>"; };
		3752A12D1D01AE6E00194663 /* BaseViewController.swift */ = {isa = PBXFileReference; fileEncoding = 4; lastKnownFileType = sourcecode.swift; path = BaseViewController.swift; sourceTree = "<group>"; };
		375C84E81D045A4300F9F469 /* CategoryCollectionViewCell.swift */ = {isa = PBXFileReference; fileEncoding = 4; lastKnownFileType = sourcecode.swift; path = CategoryCollectionViewCell.swift; sourceTree = "<group>"; };
		375C84E91D045A4300F9F469 /* CategoryCollectionViewCell.xib */ = {isa = PBXFileReference; fileEncoding = 4; lastKnownFileType = file.xib; path = CategoryCollectionViewCell.xib; sourceTree = "<group>"; };
		375C84F11D04627300F9F469 /* ProductConfigurable.swift */ = {isa = PBXFileReference; fileEncoding = 4; lastKnownFileType = sourcecode.swift; path = ProductConfigurable.swift; sourceTree = "<group>"; };
		375C84F31D04C5BB00F9F469 /* MenuCollectionDelegate.swift */ = {isa = PBXFileReference; fileEncoding = 4; lastKnownFileType = sourcecode.swift; path = MenuCollectionDelegate.swift; sourceTree = "<group>"; };
		375C84F71D04CFF800F9F469 /* EquipmentManagementTableViewController.swift */ = {isa = PBXFileReference; fileEncoding = 4; lastKnownFileType = sourcecode.swift; path = EquipmentManagementTableViewController.swift; sourceTree = "<group>"; };
		375C84FA1D04DF4600F9F469 /* ServerManager+Registrator.swift */ = {isa = PBXFileReference; fileEncoding = 4; lastKnownFileType = sourcecode.swift; path = "ServerManager+Registrator.swift"; sourceTree = "<group>"; };
		375C84FC1D04E22900F9F469 /* ServerManager+Checks.swift */ = {isa = PBXFileReference; fileEncoding = 4; lastKnownFileType = sourcecode.swift; path = "ServerManager+Checks.swift"; sourceTree = "<group>"; };
		375C84FE1D04E39500F9F469 /* ServerManager+ClientInfo.swift */ = {isa = PBXFileReference; fileEncoding = 4; lastKnownFileType = sourcecode.swift; path = "ServerManager+ClientInfo.swift"; sourceTree = "<group>"; };
		375C85011D04F4EE00F9F469 /* Base */ = {isa = PBXFileReference; lastKnownFileType = file.storyboard; name = Base; path = Base.lproj/Settings.storyboard; sourceTree = "<group>"; };
		375C85031D05014700F9F469 /* CardView.swift */ = {isa = PBXFileReference; fileEncoding = 4; lastKnownFileType = sourcecode.swift; path = CardView.swift; sourceTree = "<group>"; };
		375C85051D05052700F9F469 /* CheckItemTableViewCell.swift */ = {isa = PBXFileReference; fileEncoding = 4; lastKnownFileType = sourcecode.swift; path = CheckItemTableViewCell.swift; sourceTree = "<group>"; };
		375C85061D05052700F9F469 /* CheckItemTableViewCell.xib */ = {isa = PBXFileReference; fileEncoding = 4; lastKnownFileType = file.xib; path = CheckItemTableViewCell.xib; sourceTree = "<group>"; };
		375C850B1D0507CB00F9F469 /* OrderManager.swift */ = {isa = PBXFileReference; fileEncoding = 4; lastKnownFileType = sourcecode.swift; path = OrderManager.swift; sourceTree = "<group>"; };
		375C850D1D050D8F00F9F469 /* OrderItem.swift */ = {isa = PBXFileReference; fileEncoding = 4; lastKnownFileType = sourcecode.swift; path = OrderItem.swift; sourceTree = "<group>"; };
		376B5ABC1D02FA270058E6A8 /* ProductCollectionViewCell.swift */ = {isa = PBXFileReference; fileEncoding = 4; lastKnownFileType = sourcecode.swift; path = ProductCollectionViewCell.swift; sourceTree = "<group>"; };
		376B5ABD1D02FA270058E6A8 /* ProductCollectionViewCell.xib */ = {isa = PBXFileReference; fileEncoding = 4; lastKnownFileType = file.xib; path = ProductCollectionViewCell.xib; sourceTree = "<group>"; };
		376D84231CF878D3008A868A /* POSTerminal.app */ = {isa = PBXFileReference; explicitFileType = wrapper.application; includeInIndex = 0; path = POSTerminal.app; sourceTree = BUILT_PRODUCTS_DIR; };
		376D84261CF878D3008A868A /* AppDelegate.swift */ = {isa = PBXFileReference; lastKnownFileType = sourcecode.swift; path = AppDelegate.swift; sourceTree = "<group>"; };
		376D842B1CF878D3008A868A /* Base */ = {isa = PBXFileReference; lastKnownFileType = file.storyboard; name = Base; path = Base.lproj/Main.storyboard; sourceTree = "<group>"; };
		376D842D1CF878D3008A868A /* Assets.xcassets */ = {isa = PBXFileReference; lastKnownFileType = folder.assetcatalog; path = Assets.xcassets; sourceTree = "<group>"; };
		376D84301CF878D3008A868A /* Base */ = {isa = PBXFileReference; lastKnownFileType = file.storyboard; name = Base; path = Base.lproj/LaunchScreen.storyboard; sourceTree = "<group>"; };
		376D84321CF878D3008A868A /* Info.plist */ = {isa = PBXFileReference; lastKnownFileType = text.plist.xml; path = Info.plist; sourceTree = "<group>"; };
		376D843D1CF9194C008A868A /* ServerManager.swift */ = {isa = PBXFileReference; fileEncoding = 4; lastKnownFileType = sourcecode.swift; path = ServerManager.swift; sourceTree = "<group>"; };
		376D843F1CF91B08008A868A /* Client.swift */ = {isa = PBXFileReference; fileEncoding = 4; lastKnownFileType = sourcecode.swift; path = Client.swift; sourceTree = "<group>"; };
		376D84411CF91CA2008A868A /* ServerObject.swift */ = {isa = PBXFileReference; fileEncoding = 4; lastKnownFileType = sourcecode.swift; path = ServerObject.swift; sourceTree = "<group>"; };
		376D84461CF91D75008A868A /* Check.swift */ = {isa = PBXFileReference; fileEncoding = 4; lastKnownFileType = sourcecode.swift; path = Check.swift; sourceTree = "<group>"; };
		376D84481CF91DD0008A868A /* Product.swift */ = {isa = PBXFileReference; fileEncoding = 4; lastKnownFileType = sourcecode.swift; path = Product.swift; sourceTree = "<group>"; };
		376D844A1CF9207B008A868A /* Order.swift */ = {isa = PBXFileReference; fileEncoding = 4; lastKnownFileType = sourcecode.swift; path = Order.swift; sourceTree = "<group>"; };
		3779D4811D096C7C00A3A57B /* Double+StringFormatter.swift */ = {isa = PBXFileReference; fileEncoding = 4; lastKnownFileType = sourcecode.swift; path = "Double+StringFormatter.swift"; sourceTree = "<group>"; };
		3779D4831D096FEC00A3A57B /* POSTerminal.entitlements */ = {isa = PBXFileReference; lastKnownFileType = text.xml; path = POSTerminal.entitlements; sourceTree = "<group>"; };
		3779D4841D0C502800A3A57B /* MenuNavigationProvider.swift */ = {isa = PBXFileReference; fileEncoding = 4; lastKnownFileType = sourcecode.swift; path = MenuNavigationProvider.swift; sourceTree = "<group>"; };
		3779D4861D0C523900A3A57B /* CheckoutViewController.swift */ = {isa = PBXFileReference; fileEncoding = 4; lastKnownFileType = sourcecode.swift; path = CheckoutViewController.swift; sourceTree = "<group>"; };
		3779D4881D0C62CB00A3A57B /* CashPaymentViewController.swift */ = {isa = PBXFileReference; fileEncoding = 4; lastKnownFileType = sourcecode.swift; path = CashPaymentViewController.swift; sourceTree = "<group>"; };
		3779D48A1D0C62D700A3A57B /* CardPaymentViewController.swift */ = {isa = PBXFileReference; fileEncoding = 4; lastKnownFileType = sourcecode.swift; path = CardPaymentViewController.swift; sourceTree = "<group>"; };
		3779D48E1D0CC9C300A3A57B /* ClientManager.swift */ = {isa = PBXFileReference; fileEncoding = 4; lastKnownFileType = sourcecode.swift; path = ClientManager.swift; sourceTree = "<group>"; };
		3779D4911D0CD52F00A3A57B /* ServerManager+MobileDevice.swift */ = {isa = PBXFileReference; fileEncoding = 4; lastKnownFileType = sourcecode.swift; path = "ServerManager+MobileDevice.swift"; sourceTree = "<group>"; };
		37862EB71D11A79F00BBFB42 /* SumInputViewController.swift */ = {isa = PBXFileReference; fileEncoding = 4; lastKnownFileType = sourcecode.swift; path = SumInputViewController.swift; sourceTree = "<group>"; };
		37892E0B1D00DF9500008BA4 /* ClientIdentity.swift */ = {isa = PBXFileReference; fileEncoding = 4; lastKnownFileType = sourcecode.swift; path = ClientIdentity.swift; sourceTree = "<group>"; };
		37965ACF1D11E95500F03701 /* KeyboardButton.swift */ = {isa = PBXFileReference; fileEncoding = 4; lastKnownFileType = sourcecode.swift; path = KeyboardButton.swift; sourceTree = "<group>"; };
		3799B2831D1229E000B1D87C /* KeyboardDelegate.swift */ = {isa = PBXFileReference; fileEncoding = 4; lastKnownFileType = sourcecode.swift; path = KeyboardDelegate.swift; sourceTree = "<group>"; };
		3799B2851D122A3300B1D87C /* PaymentControllerDelegate.swift */ = {isa = PBXFileReference; fileEncoding = 4; lastKnownFileType = sourcecode.swift; path = PaymentControllerDelegate.swift; sourceTree = "<group>"; };
		37C1EDA31D01CA670018B531 /* Colors.swift */ = {isa = PBXFileReference; fileEncoding = 4; lastKnownFileType = sourcecode.swift; path = Colors.swift; sourceTree = "<group>"; };
		37C1EDA61D01D20E0018B531 /* MenuCollectionViewController.swift */ = {isa = PBXFileReference; fileEncoding = 4; lastKnownFileType = sourcecode.swift; path = MenuCollectionViewController.swift; sourceTree = "<group>"; };
		37C1EDA81D01D2280018B531 /* CheckViewController.swift */ = {isa = PBXFileReference; fileEncoding = 4; lastKnownFileType = sourcecode.swift; path = CheckViewController.swift; sourceTree = "<group>"; };
		37C1EDAA1D01ED0D0018B531 /* UIViewController+Alert.swift */ = {isa = PBXFileReference; fileEncoding = 4; lastKnownFileType = sourcecode.swift; path = "UIViewController+Alert.swift"; sourceTree = "<group>"; };
		37C1EDAC1D01EEDD0018B531 /* SettingsTableViewController.swift */ = {isa = PBXFileReference; fileEncoding = 4; lastKnownFileType = sourcecode.swift; path = SettingsTableViewController.swift; sourceTree = "<group>"; };
		37C54F8B1D137A6000822653 /* JournalItem.swift */ = {isa = PBXFileReference; fileEncoding = 4; lastKnownFileType = sourcecode.swift; path = JournalItem.swift; sourceTree = "<group>"; };
		37C54F8D1D1380A400822653 /* JournalItemTableViewCell.swift */ = {isa = PBXFileReference; fileEncoding = 4; lastKnownFileType = sourcecode.swift; path = JournalItemTableViewCell.swift; sourceTree = "<group>"; };
		37C54F8F1D13822000822653 /* JournalTableViewController.swift */ = {isa = PBXFileReference; fileEncoding = 4; lastKnownFileType = sourcecode.swift; path = JournalTableViewController.swift; sourceTree = "<group>"; };
		37C58DC51CFC6D6F00049095 /* ExternalAccessory.framework */ = {isa = PBXFileReference; lastKnownFileType = wrapper.framework; name = ExternalAccessory.framework; path = System/Library/Frameworks/ExternalAccessory.framework; sourceTree = SDKROOT; };
		37C58DC71CFC6DEA00049095 /* libz.tbd */ = {isa = PBXFileReference; lastKnownFileType = "sourcecode.text-based-dylib-definition"; name = libz.tbd; path = usr/lib/libz.tbd; sourceTree = SDKROOT; };
		37C58DC91CFC6E0000049095 /* libRedDebugServer.a */ = {isa = PBXFileReference; lastKnownFileType = archive.ar; name = libRedDebugServer.a; path = lib/libRedDebugServer.a; sourceTree = "<group>"; };
		37C58DCA1CFC6E0000049095 /* libRedSocket.a */ = {isa = PBXFileReference; lastKnownFileType = archive.ar; name = libRedSocket.a; path = lib/libRedSocket.a; sourceTree = "<group>"; };
		37C58DCD1CFC6F1A00049095 /* POSTerminal-Bridging-Header.h */ = {isa = PBXFileReference; lastKnownFileType = sourcecode.c.h; path = "POSTerminal-Bridging-Header.h"; sourceTree = "<group>"; };
		37C58DCE1CFC6F1B00049095 /* CanonicalRequest.h */ = {isa = PBXFileReference; fileEncoding = 4; lastKnownFileType = sourcecode.c.h; path = CanonicalRequest.h; sourceTree = "<group>"; };
		37C58DCF1CFC6F1B00049095 /* CanonicalRequest.m */ = {isa = PBXFileReference; fileEncoding = 4; lastKnownFileType = sourcecode.c.objc; path = CanonicalRequest.m; sourceTree = "<group>"; };
		37C58DD01CFC6F1B00049095 /* RedSocketURLProtocol.h */ = {isa = PBXFileReference; fileEncoding = 4; lastKnownFileType = sourcecode.c.h; path = RedSocketURLProtocol.h; sourceTree = "<group>"; };
		37C58DD51CFC6F4B00049095 /* RedSocket.h */ = {isa = PBXFileReference; fileEncoding = 4; lastKnownFileType = sourcecode.c.h; path = RedSocket.h; sourceTree = "<group>"; };
		37C58DDB1CFCFB8C00049095 /* ServerResponse.swift */ = {isa = PBXFileReference; fileEncoding = 4; lastKnownFileType = sourcecode.swift; path = ServerResponse.swift; sourceTree = "<group>"; };
		37C58DDD1CFCFB9400049095 /* ServerError.swift */ = {isa = PBXFileReference; fileEncoding = 4; lastKnownFileType = sourcecode.swift; path = ServerError.swift; sourceTree = "<group>"; };
		37C58DDF1CFCFC9400049095 /* ServerManager+Menu.swift */ = {isa = PBXFileReference; fileEncoding = 4; lastKnownFileType = sourcecode.swift; path = "ServerManager+Menu.swift"; sourceTree = "<group>"; };
		37C58DE11CFE315400049095 /* Settings.swift */ = {isa = PBXFileReference; fileEncoding = 4; lastKnownFileType = sourcecode.swift; path = Settings.swift; sourceTree = "<group>"; };
		37C58DE31CFE3C0600049095 /* Host.swift */ = {isa = PBXFileReference; fileEncoding = 4; lastKnownFileType = sourcecode.swift; path = Host.swift; sourceTree = "<group>"; };
		37C58DE61CFE486800049095 /* ServerRouter.swift */ = {isa = PBXFileReference; fileEncoding = 4; lastKnownFileType = sourcecode.swift; path = ServerRouter.swift; sourceTree = "<group>"; };
		37C58DE81CFE512300049095 /* WPBaseRouter.swift */ = {isa = PBXFileReference; fileEncoding = 4; lastKnownFileType = sourcecode.swift; path = WPBaseRouter.swift; sourceTree = "<group>"; };
		37C58DEA1CFE512900049095 /* EquipServRouter.swift */ = {isa = PBXFileReference; fileEncoding = 4; lastKnownFileType = sourcecode.swift; path = EquipServRouter.swift; sourceTree = "<group>"; };
		850711AE06D844522B79832B /* Pods-POSTerminal.release.xcconfig */ = {isa = PBXFileReference; includeInIndex = 1; lastKnownFileType = text.xcconfig; name = "Pods-POSTerminal.release.xcconfig"; path = "Pods/Target Support Files/Pods-POSTerminal/Pods-POSTerminal.release.xcconfig"; sourceTree = "<group>"; };
		9978E4E2340700188A2E3627 /* Pods_POSTerminal.framework */ = {isa = PBXFileReference; explicitFileType = wrapper.framework; includeInIndex = 0; path = Pods_POSTerminal.framework; sourceTree = BUILT_PRODUCTS_DIR; };
		C83A96343448D80033F5C69F /* Pods-POSTerminal.debug.xcconfig */ = {isa = PBXFileReference; includeInIndex = 1; lastKnownFileType = text.xcconfig; name = "Pods-POSTerminal.debug.xcconfig"; path = "Pods/Target Support Files/Pods-POSTerminal/Pods-POSTerminal.debug.xcconfig"; sourceTree = "<group>"; };
/* End PBXFileReference section */

/* Begin PBXFrameworksBuildPhase section */
		376D84201CF878D3008A868A /* Frameworks */ = {
			isa = PBXFrameworksBuildPhase;
			buildActionMask = 2147483647;
			files = (
				433F28A31EB04C40990067C6 /* Pods_POSTerminal.framework in Frameworks */,
				37C58DC81CFC6DEA00049095 /* libz.tbd in Frameworks */,
				37C58DC61CFC6D6F00049095 /* ExternalAccessory.framework in Frameworks */,
				37C58DCC1CFC6E0000049095 /* libRedSocket.a in Frameworks */,
			);
			runOnlyForDeploymentPostprocessing = 0;
		};
/* End PBXFrameworksBuildPhase section */

/* Begin PBXGroup section */
		375C84EC1D045A5000F9F469 /* ProductCollectionViewCell */ = {
			isa = PBXGroup;
			children = (
				376B5ABC1D02FA270058E6A8 /* ProductCollectionViewCell.swift */,
				376B5ABD1D02FA270058E6A8 /* ProductCollectionViewCell.xib */,
			);
			name = ProductCollectionViewCell;
			sourceTree = "<group>";
		};
		375C84ED1D045A5800F9F469 /* CategoryCollectionViewCell */ = {
			isa = PBXGroup;
			children = (
				375C84E81D045A4300F9F469 /* CategoryCollectionViewCell.swift */,
				375C84E91D045A4300F9F469 /* CategoryCollectionViewCell.xib */,
			);
			name = CategoryCollectionViewCell;
			sourceTree = "<group>";
		};
		375C84F91D04CFFF00F9F469 /* Settings */ = {
			isa = PBXGroup;
			children = (
				37C1EDAC1D01EEDD0018B531 /* SettingsTableViewController.swift */,
				375C84F71D04CFF800F9F469 /* EquipmentManagementTableViewController.swift */,
				37C54F8F1D13822000822653 /* JournalTableViewController.swift */,
			);
			name = Settings;
			sourceTree = "<group>";
		};
		375C850A1D05053E00F9F469 /* CheckItemTableViewCell */ = {
			isa = PBXGroup;
			children = (
				375C85051D05052700F9F469 /* CheckItemTableViewCell.swift */,
				375C85061D05052700F9F469 /* CheckItemTableViewCell.xib */,
			);
			name = CheckItemTableViewCell;
			sourceTree = "<group>";
		};
		376B5ABB1D02F97D0058E6A8 /* Views */ = {
			isa = PBXGroup;
			children = (
				375C84EC1D045A5000F9F469 /* ProductCollectionViewCell */,
				375C84ED1D045A5800F9F469 /* CategoryCollectionViewCell */,
				375C850A1D05053E00F9F469 /* CheckItemTableViewCell */,
				375C85031D05014700F9F469 /* CardView.swift */,
				374215391D0FCF2200018F1B /* CashButton.swift */,
				37965ACF1D11E95500F03701 /* KeyboardButton.swift */,
				37C54F8D1D1380A400822653 /* JournalItemTableViewCell.swift */,
			);
			name = Views;
			sourceTree = "<group>";
		};
		376D841A1CF878D3008A868A = {
			isa = PBXGroup;
			children = (
				376D84251CF878D3008A868A /* POSTerminal */,
				376D84241CF878D3008A868A /* Products */,
				4214530925DD207C5A5646B6 /* Pods */,
				ED25E857FB2E7390F58CFB00 /* Frameworks */,
			);
			sourceTree = "<group>";
		};
		376D84241CF878D3008A868A /* Products */ = {
			isa = PBXGroup;
			children = (
				376D84231CF878D3008A868A /* POSTerminal.app */,
			);
			name = Products;
			sourceTree = "<group>";
		};
		376D84251CF878D3008A868A /* POSTerminal */ = {
			isa = PBXGroup;
			children = (
				3779D4831D096FEC00A3A57B /* POSTerminal.entitlements */,
				37C58DD41CFC6F2300049095 /* RedSocketSDK */,
				376B5ABB1D02F97D0058E6A8 /* Views */,
				376D843A1CF91122008A868A /* Controllers */,
				376D84431CF91CC3008A868A /* Protocols */,
				376D84451CF91CE6008A868A /* Managers */,
				376D843B1CF9112D008A868A /* Models */,
				37C1EDA51D01CC340018B531 /* Extensions */,
				376D84381CF91068008A868A /* Storyboards */,
				376D84391CF910F7008A868A /* App Configuration */,
				376D842D1CF878D3008A868A /* Assets.xcassets */,
			);
			path = POSTerminal;
			sourceTree = "<group>";
		};
		376D84381CF91068008A868A /* Storyboards */ = {
			isa = PBXGroup;
			children = (
				376D842A1CF878D3008A868A /* Main.storyboard */,
				375C85001D04F4EE00F9F469 /* Settings.storyboard */,
				376D842F1CF878D3008A868A /* LaunchScreen.storyboard */,
			);
			name = Storyboards;
			sourceTree = "<group>";
		};
		376D84391CF910F7008A868A /* App Configuration */ = {
			isa = PBXGroup;
			children = (
				376D84261CF878D3008A868A /* AppDelegate.swift */,
				376D84321CF878D3008A868A /* Info.plist */,
				37C58DCD1CFC6F1A00049095 /* POSTerminal-Bridging-Header.h */,
			);
			name = "App Configuration";
			sourceTree = "<group>";
		};
		376D843A1CF91122008A868A /* Controllers */ = {
			isa = PBXGroup;
			children = (
				3752A12D1D01AE6E00194663 /* BaseViewController.swift */,
				37C1EDA61D01D20E0018B531 /* MenuCollectionViewController.swift */,
				37C1EDA81D01D2280018B531 /* CheckViewController.swift */,
				3779D4901D0CD21900A3A57B /* Checkout */,
				375C84F91D04CFFF00F9F469 /* Settings */,
			);
			name = Controllers;
			sourceTree = "<group>";
		};
		376D843B1CF9112D008A868A /* Models */ = {
			isa = PBXGroup;
			children = (
				376D843F1CF91B08008A868A /* Client.swift */,
				3779D48E1D0CC9C300A3A57B /* ClientManager.swift */,
				376D84461CF91D75008A868A /* Check.swift */,
				37C54F8B1D137A6000822653 /* JournalItem.swift */,
				375C850B1D0507CB00F9F469 /* OrderManager.swift */,
				375C850D1D050D8F00F9F469 /* OrderItem.swift */,
				376D84481CF91DD0008A868A /* Product.swift */,
				376D844A1CF9207B008A868A /* Order.swift */,
				37C58DE11CFE315400049095 /* Settings.swift */,
				37C58DE31CFE3C0600049095 /* Host.swift */,
				37892E0B1D00DF9500008BA4 /* ClientIdentity.swift */,
				374215351D0FB28500018F1B /* Encash.swift */,
			);
			name = Models;
			sourceTree = "<group>";
		};
		376D84431CF91CC3008A868A /* Protocols */ = {
			isa = PBXGroup;
			children = (
				376D84411CF91CA2008A868A /* ServerObject.swift */,
				375C84F11D04627300F9F469 /* ProductConfigurable.swift */,
				375C84F31D04C5BB00F9F469 /* MenuCollectionDelegate.swift */,
				3779D4841D0C502800A3A57B /* MenuNavigationProvider.swift */,
				374215331D0F933100018F1B /* CheckItemCellDelegate.swift */,
				3799B2831D1229E000B1D87C /* KeyboardDelegate.swift */,
				3799B2851D122A3300B1D87C /* PaymentControllerDelegate.swift */,
			);
			name = Protocols;
			sourceTree = "<group>";
		};
		376D84451CF91CE6008A868A /* Managers */ = {
			isa = PBXGroup;
			children = (
				376D843D1CF9194C008A868A /* ServerManager.swift */,
				37C58DDF1CFCFC9400049095 /* ServerManager+Menu.swift */,
				375C84FC1D04E22900F9F469 /* ServerManager+Checks.swift */,
				375C84FE1D04E39500F9F469 /* ServerManager+ClientInfo.swift */,
				3779D4911D0CD52F00A3A57B /* ServerManager+MobileDevice.swift */,
				375C84FA1D04DF4600F9F469 /* ServerManager+Registrator.swift */,
				37C58DDD1CFCFB9400049095 /* ServerError.swift */,
				37C58DDB1CFCFB8C00049095 /* ServerResponse.swift */,
				37C58DEC1CFE512E00049095 /* Routers */,
				370906311D20625C006EB644 /* ColorsManager.swift */,
			);
			name = Managers;
			sourceTree = "<group>";
		};
		3779D4901D0CD21900A3A57B /* Checkout */ = {
			isa = PBXGroup;
			children = (
				3779D4861D0C523900A3A57B /* CheckoutViewController.swift */,
				3779D48A1D0C62D700A3A57B /* CardPaymentViewController.swift */,
				3779D4881D0C62CB00A3A57B /* CashPaymentViewController.swift */,
				37862EB71D11A79F00BBFB42 /* SumInputViewController.swift */,
			);
			name = Checkout;
			sourceTree = "<group>";
		};
		37C1EDA51D01CC340018B531 /* Extensions */ = {
			isa = PBXGroup;
			children = (
				37C1EDA31D01CA670018B531 /* Colors.swift */,
				37C1EDAA1D01ED0D0018B531 /* UIViewController+Alert.swift */,
				3779D4811D096C7C00A3A57B /* Double+StringFormatter.swift */,
			);
			name = Extensions;
			sourceTree = "<group>";
		};
		37C58DD41CFC6F2300049095 /* RedSocketSDK */ = {
			isa = PBXGroup;
			children = (
				37C58DD51CFC6F4B00049095 /* RedSocket.h */,
				37C58DCE1CFC6F1B00049095 /* CanonicalRequest.h */,
				37C58DCF1CFC6F1B00049095 /* CanonicalRequest.m */,
				37C58DD01CFC6F1B00049095 /* RedSocketURLProtocol.h */,
				373449D71D227580006C709B /* RedSocketURLProtocol.m */,
			);
			name = RedSocketSDK;
			sourceTree = "<group>";
		};
		37C58DEC1CFE512E00049095 /* Routers */ = {
			isa = PBXGroup;
			children = (
				37C58DE61CFE486800049095 /* ServerRouter.swift */,
				37C58DEA1CFE512900049095 /* EquipServRouter.swift */,
				37C58DE81CFE512300049095 /* WPBaseRouter.swift */,
			);
			name = Routers;
			sourceTree = "<group>";
		};
		4214530925DD207C5A5646B6 /* Pods */ = {
			isa = PBXGroup;
			children = (
				C83A96343448D80033F5C69F /* Pods-POSTerminal.debug.xcconfig */,
				850711AE06D844522B79832B /* Pods-POSTerminal.release.xcconfig */,
			);
			name = Pods;
			sourceTree = "<group>";
		};
		ED25E857FB2E7390F58CFB00 /* Frameworks */ = {
			isa = PBXGroup;
			children = (
				37C58DC91CFC6E0000049095 /* libRedDebugServer.a */,
				37C58DCA1CFC6E0000049095 /* libRedSocket.a */,
				37C58DC71CFC6DEA00049095 /* libz.tbd */,
				37C58DC51CFC6D6F00049095 /* ExternalAccessory.framework */,
				9978E4E2340700188A2E3627 /* Pods_POSTerminal.framework */,
			);
			name = Frameworks;
			sourceTree = "<group>";
		};
/* End PBXGroup section */

/* Begin PBXNativeTarget section */
		376D84221CF878D3008A868A /* POSTerminal */ = {
			isa = PBXNativeTarget;
			buildConfigurationList = 376D84351CF878D3008A868A /* Build configuration list for PBXNativeTarget "POSTerminal" */;
			buildPhases = (
				C5B2AE1BF539DC5711A479D2 /* [CP] Check Pods Manifest.lock */,
				376D841F1CF878D3008A868A /* Sources */,
				376D84201CF878D3008A868A /* Frameworks */,
				376D84211CF878D3008A868A /* Resources */,
				13C3E7F9D6AEE529C7C45ACC /* [CP] Embed Pods Frameworks */,
				BE402449E626CAE379A7B83F /* [CP] Copy Pods Resources */,
				376D843C1CF91229008A868A /* ShellScript */,
			);
			buildRules = (
			);
			dependencies = (
			);
			name = POSTerminal;
			productName = POSTerminal;
			productReference = 376D84231CF878D3008A868A /* POSTerminal.app */;
			productType = "com.apple.product-type.application";
		};
/* End PBXNativeTarget section */

/* Begin PBXProject section */
		376D841B1CF878D3008A868A /* Project object */ = {
			isa = PBXProject;
			attributes = {
				LastSwiftUpdateCheck = 0730;
				LastUpgradeCheck = 0730;
				ORGANIZATIONNAME = BinaryBlitz;
				TargetAttributes = {
					376D84221CF878D3008A868A = {
						CreatedOnToolsVersion = 7.3;
						DevelopmentTeam = 4WGG8V34K4;
						SystemCapabilities = {
							com.apple.Push = {
								enabled = 0;
							};
						};
					};
				};
			};
			buildConfigurationList = 376D841E1CF878D3008A868A /* Build configuration list for PBXProject "POSTerminal" */;
			compatibilityVersion = "Xcode 3.2";
			developmentRegion = English;
			hasScannedForEncodings = 0;
			knownRegions = (
				en,
				Base,
			);
			mainGroup = 376D841A1CF878D3008A868A;
			productRefGroup = 376D84241CF878D3008A868A /* Products */;
			projectDirPath = "";
			projectRoot = "";
			targets = (
				376D84221CF878D3008A868A /* POSTerminal */,
			);
		};
/* End PBXProject section */

/* Begin PBXResourcesBuildPhase section */
		376D84211CF878D3008A868A /* Resources */ = {
			isa = PBXResourcesBuildPhase;
			buildActionMask = 2147483647;
			files = (
				376D84311CF878D3008A868A /* LaunchScreen.storyboard in Resources */,
				375C84EB1D045A4300F9F469 /* CategoryCollectionViewCell.xib in Resources */,
				376D842E1CF878D3008A868A /* Assets.xcassets in Resources */,
				375C85021D04F4EE00F9F469 /* Settings.storyboard in Resources */,
				376B5ABF1D02FA270058E6A8 /* ProductCollectionViewCell.xib in Resources */,
				376D842C1CF878D3008A868A /* Main.storyboard in Resources */,
				375C85081D05052700F9F469 /* CheckItemTableViewCell.xib in Resources */,
			);
			runOnlyForDeploymentPostprocessing = 0;
		};
/* End PBXResourcesBuildPhase section */

/* Begin PBXShellScriptBuildPhase section */
		13C3E7F9D6AEE529C7C45ACC /* [CP] Embed Pods Frameworks */ = {
			isa = PBXShellScriptBuildPhase;
			buildActionMask = 2147483647;
			files = (
			);
			inputPaths = (
			);
			name = "[CP] Embed Pods Frameworks";
			outputPaths = (
			);
			runOnlyForDeploymentPostprocessing = 0;
			shellPath = /bin/sh;
			shellScript = "\"${SRCROOT}/Pods/Target Support Files/Pods-POSTerminal/Pods-POSTerminal-frameworks.sh\"\n";
			showEnvVarsInLog = 0;
		};
		376D843C1CF91229008A868A /* ShellScript */ = {
			isa = PBXShellScriptBuildPhase;
			buildActionMask = 2147483647;
			files = (
			);
			inputPaths = (
			);
			outputPaths = (
			);
			runOnlyForDeploymentPostprocessing = 0;
			shellPath = /bin/sh;
			shellScript = "\"${PODS_ROOT}/Fabric/run\" 886de8c1d524dbaa9dfdbd457b8c8469ecafdfd4 fe43661af277625de578631f794d9557e38adacd6b02682d23b328918ca7fbf6";
		};
		BE402449E626CAE379A7B83F /* [CP] Copy Pods Resources */ = {
			isa = PBXShellScriptBuildPhase;
			buildActionMask = 2147483647;
			files = (
			);
			inputPaths = (
			);
			name = "[CP] Copy Pods Resources";
			outputPaths = (
			);
			runOnlyForDeploymentPostprocessing = 0;
			shellPath = /bin/sh;
			shellScript = "\"${SRCROOT}/Pods/Target Support Files/Pods-POSTerminal/Pods-POSTerminal-resources.sh\"\n";
			showEnvVarsInLog = 0;
		};
		C5B2AE1BF539DC5711A479D2 /* [CP] Check Pods Manifest.lock */ = {
			isa = PBXShellScriptBuildPhase;
			buildActionMask = 2147483647;
			files = (
			);
			inputPaths = (
			);
			name = "[CP] Check Pods Manifest.lock";
			outputPaths = (
			);
			runOnlyForDeploymentPostprocessing = 0;
			shellPath = /bin/sh;
			shellScript = "diff \"${PODS_ROOT}/../Podfile.lock\" \"${PODS_ROOT}/Manifest.lock\" > /dev/null\nif [[ $? != 0 ]] ; then\n    cat << EOM\nerror: The sandbox is not in sync with the Podfile.lock. Run 'pod install' or update your CocoaPods installation.\nEOM\n    exit 1\nfi\n";
			showEnvVarsInLog = 0;
		};
/* End PBXShellScriptBuildPhase section */

/* Begin PBXSourcesBuildPhase section */
		376D841F1CF878D3008A868A /* Sources */ = {
			isa = PBXSourcesBuildPhase;
			buildActionMask = 2147483647;
			files = (
				37C1EDA91D01D2280018B531 /* CheckViewController.swift in Sources */,
				374215361D0FB28500018F1B /* Encash.swift in Sources */,
				3779D4871D0C523900A3A57B /* CheckoutViewController.swift in Sources */,
				375C84FF1D04E39500F9F469 /* ServerManager+ClientInfo.swift in Sources */,
				376D843E1CF9194C008A868A /* ServerManager.swift in Sources */,
				375C850C1D0507CB00F9F469 /* OrderManager.swift in Sources */,
				376D844B1CF9207B008A868A /* Order.swift in Sources */,
				3779D4821D096C7C00A3A57B /* Double+StringFormatter.swift in Sources */,
				37C58DEB1CFE512900049095 /* EquipServRouter.swift in Sources */,
				37C58DE01CFCFC9400049095 /* ServerManager+Menu.swift in Sources */,
				375C84EA1D045A4300F9F469 /* CategoryCollectionViewCell.swift in Sources */,
				37965AD01D11E95500F03701 /* KeyboardButton.swift in Sources */,
				3752A12E1D01AE6E00194663 /* BaseViewController.swift in Sources */,
				3779D48B1D0C62D700A3A57B /* CardPaymentViewController.swift in Sources */,
				370906321D20625C006EB644 /* ColorsManager.swift in Sources */,
				37C58DE21CFE315400049095 /* Settings.swift in Sources */,
				37892E0C1D00DF9500008BA4 /* ClientIdentity.swift in Sources */,
				3779D4891D0C62CB00A3A57B /* CashPaymentViewController.swift in Sources */,
				3779D4921D0CD52F00A3A57B /* ServerManager+MobileDevice.swift in Sources */,
				37C58DE71CFE486800049095 /* ServerRouter.swift in Sources */,
				376D84471CF91D75008A868A /* Check.swift in Sources */,
				37C1EDAD1D01EEDD0018B531 /* SettingsTableViewController.swift in Sources */,
				37C1EDA41D01CA670018B531 /* Colors.swift in Sources */,
				3742153A1D0FCF2200018F1B /* CashButton.swift in Sources */,
				375C84F21D04627300F9F469 /* ProductConfigurable.swift in Sources */,
				375C84F41D04C5BB00F9F469 /* MenuCollectionDelegate.swift in Sources */,
				375C85071D05052700F9F469 /* CheckItemTableViewCell.swift in Sources */,
				37C1EDA71D01D20E0018B531 /* MenuCollectionViewController.swift in Sources */,
				37C58DE41CFE3C0600049095 /* Host.swift in Sources */,
				37C1EDAB1D01ED0D0018B531 /* UIViewController+Alert.swift in Sources */,
				37C54F901D13822000822653 /* JournalTableViewController.swift in Sources */,
				37862EB81D11A79F00BBFB42 /* SumInputViewController.swift in Sources */,
				37C58DDE1CFCFB9400049095 /* ServerError.swift in Sources */,
				376D84421CF91CA2008A868A /* ServerObject.swift in Sources */,
				375C84F81D04CFF800F9F469 /* EquipmentManagementTableViewController.swift in Sources */,
				374215341D0F933100018F1B /* CheckItemCellDelegate.swift in Sources */,
				3799B2861D122A3300B1D87C /* PaymentControllerDelegate.swift in Sources */,
				376D84401CF91B08008A868A /* Client.swift in Sources */,
				376D84271CF878D3008A868A /* AppDelegate.swift in Sources */,
				375C84FD1D04E22900F9F469 /* ServerManager+Checks.swift in Sources */,
				3779D48F1D0CC9C300A3A57B /* ClientManager.swift in Sources */,
				376D84491CF91DD0008A868A /* Product.swift in Sources */,
				373449D81D227580006C709B /* RedSocketURLProtocol.m in Sources */,
				37C54F8C1D137A6000822653 /* JournalItem.swift in Sources */,
				3799B2841D1229E000B1D87C /* KeyboardDelegate.swift in Sources */,
				375C850E1D050D8F00F9F469 /* OrderItem.swift in Sources */,
				37C58DDC1CFCFB8C00049095 /* ServerResponse.swift in Sources */,
				376B5ABE1D02FA270058E6A8 /* ProductCollectionViewCell.swift in Sources */,
				37C54F8E1D1380A400822653 /* JournalItemTableViewCell.swift in Sources */,
				3779D4851D0C502800A3A57B /* MenuNavigationProvider.swift in Sources */,
				375C84FB1D04DF4600F9F469 /* ServerManager+Registrator.swift in Sources */,
				37C58DE91CFE512300049095 /* WPBaseRouter.swift in Sources */,
				375C85041D05014700F9F469 /* CardView.swift in Sources */,
				37C58DD21CFC6F1B00049095 /* CanonicalRequest.m in Sources */,
			);
			runOnlyForDeploymentPostprocessing = 0;
		};
/* End PBXSourcesBuildPhase section */

/* Begin PBXVariantGroup section */
		375C85001D04F4EE00F9F469 /* Settings.storyboard */ = {
			isa = PBXVariantGroup;
			children = (
				375C85011D04F4EE00F9F469 /* Base */,
			);
			name = Settings.storyboard;
			sourceTree = "<group>";
		};
		376D842A1CF878D3008A868A /* Main.storyboard */ = {
			isa = PBXVariantGroup;
			children = (
				376D842B1CF878D3008A868A /* Base */,
			);
			name = Main.storyboard;
			sourceTree = "<group>";
		};
		376D842F1CF878D3008A868A /* LaunchScreen.storyboard */ = {
			isa = PBXVariantGroup;
			children = (
				376D84301CF878D3008A868A /* Base */,
			);
			name = LaunchScreen.storyboard;
			sourceTree = "<group>";
		};
/* End PBXVariantGroup section */

/* Begin XCBuildConfiguration section */
		376D84331CF878D3008A868A /* Debug */ = {
			isa = XCBuildConfiguration;
			buildSettings = {
				ALWAYS_SEARCH_USER_PATHS = NO;
				CLANG_ANALYZER_NONNULL = YES;
				CLANG_CXX_LANGUAGE_STANDARD = "gnu++0x";
				CLANG_CXX_LIBRARY = "libc++";
				CLANG_ENABLE_MODULES = YES;
				CLANG_ENABLE_OBJC_ARC = YES;
				CLANG_WARN_BOOL_CONVERSION = YES;
				CLANG_WARN_CONSTANT_CONVERSION = YES;
				CLANG_WARN_DIRECT_OBJC_ISA_USAGE = YES_ERROR;
				CLANG_WARN_EMPTY_BODY = YES;
				CLANG_WARN_ENUM_CONVERSION = YES;
				CLANG_WARN_INT_CONVERSION = YES;
				CLANG_WARN_OBJC_ROOT_CLASS = YES_ERROR;
				CLANG_WARN_UNREACHABLE_CODE = YES;
				CLANG_WARN__DUPLICATE_METHOD_MATCH = YES;
				"CODE_SIGN_IDENTITY[sdk=iphoneos*]" = "iPhone Developer";
				COPY_PHASE_STRIP = NO;
				DEBUG_INFORMATION_FORMAT = dwarf;
				ENABLE_STRICT_OBJC_MSGSEND = YES;
				ENABLE_TESTABILITY = YES;
				GCC_C_LANGUAGE_STANDARD = gnu99;
				GCC_DYNAMIC_NO_PIC = NO;
				GCC_NO_COMMON_BLOCKS = YES;
				GCC_OPTIMIZATION_LEVEL = 0;
				GCC_PREPROCESSOR_DEFINITIONS = (
					"DEBUG=1",
					"$(inherited)",
				);
				GCC_WARN_64_TO_32_BIT_CONVERSION = YES;
				GCC_WARN_ABOUT_RETURN_TYPE = YES_ERROR;
				GCC_WARN_UNDECLARED_SELECTOR = YES;
				GCC_WARN_UNINITIALIZED_AUTOS = YES_AGGRESSIVE;
				GCC_WARN_UNUSED_FUNCTION = YES;
				GCC_WARN_UNUSED_VARIABLE = YES;
				IPHONEOS_DEPLOYMENT_TARGET = 9.3;
				MTL_ENABLE_DEBUG_INFO = YES;
				ONLY_ACTIVE_ARCH = YES;
				SDKROOT = iphoneos;
				SWIFT_OPTIMIZATION_LEVEL = "-Onone";
				TARGETED_DEVICE_FAMILY = 2;
			};
			name = Debug;
		};
		376D84341CF878D3008A868A /* Release */ = {
			isa = XCBuildConfiguration;
			buildSettings = {
				ALWAYS_SEARCH_USER_PATHS = NO;
				CLANG_ANALYZER_NONNULL = YES;
				CLANG_CXX_LANGUAGE_STANDARD = "gnu++0x";
				CLANG_CXX_LIBRARY = "libc++";
				CLANG_ENABLE_MODULES = YES;
				CLANG_ENABLE_OBJC_ARC = YES;
				CLANG_WARN_BOOL_CONVERSION = YES;
				CLANG_WARN_CONSTANT_CONVERSION = YES;
				CLANG_WARN_DIRECT_OBJC_ISA_USAGE = YES_ERROR;
				CLANG_WARN_EMPTY_BODY = YES;
				CLANG_WARN_ENUM_CONVERSION = YES;
				CLANG_WARN_INT_CONVERSION = YES;
				CLANG_WARN_OBJC_ROOT_CLASS = YES_ERROR;
				CLANG_WARN_UNREACHABLE_CODE = YES;
				CLANG_WARN__DUPLICATE_METHOD_MATCH = YES;
				"CODE_SIGN_IDENTITY[sdk=iphoneos*]" = "iPhone Developer";
				COPY_PHASE_STRIP = NO;
				DEBUG_INFORMATION_FORMAT = "dwarf-with-dsym";
				ENABLE_NS_ASSERTIONS = NO;
				ENABLE_STRICT_OBJC_MSGSEND = YES;
				GCC_C_LANGUAGE_STANDARD = gnu99;
				GCC_NO_COMMON_BLOCKS = YES;
				GCC_WARN_64_TO_32_BIT_CONVERSION = YES;
				GCC_WARN_ABOUT_RETURN_TYPE = YES_ERROR;
				GCC_WARN_UNDECLARED_SELECTOR = YES;
				GCC_WARN_UNINITIALIZED_AUTOS = YES_AGGRESSIVE;
				GCC_WARN_UNUSED_FUNCTION = YES;
				GCC_WARN_UNUSED_VARIABLE = YES;
				IPHONEOS_DEPLOYMENT_TARGET = 9.3;
				MTL_ENABLE_DEBUG_INFO = NO;
				SDKROOT = iphoneos;
				TARGETED_DEVICE_FAMILY = 2;
				VALIDATE_PRODUCT = YES;
			};
			name = Release;
		};
		376D84361CF878D3008A868A /* Debug */ = {
			isa = XCBuildConfiguration;
			baseConfigurationReference = C83A96343448D80033F5C69F /* Pods-POSTerminal.debug.xcconfig */;
			buildSettings = {
				ASSETCATALOG_COMPILER_APPICON_NAME = AppIcon;
				CLANG_ENABLE_MODULES = YES;
				CODE_SIGN_ENTITLEMENTS = POSTerminal/POSTerminal.entitlements;
				CODE_SIGN_IDENTITY = "iPhone Developer";
				"CODE_SIGN_IDENTITY[sdk=iphoneos*]" = "iPhone Developer";
				CURRENT_PROJECT_VERSION = 16;
				DEBUG_INFORMATION_FORMAT = "dwarf-with-dsym";
				INFOPLIST_FILE = POSTerminal/Info.plist;
				IPHONEOS_DEPLOYMENT_TARGET = 9.1;
				LD_RUNPATH_SEARCH_PATHS = "$(inherited) @executable_path/Frameworks";
				LIBRARY_SEARCH_PATHS = (
					"$(inherited)",
					"$(PROJECT_DIR)/lib",
				);
				PRODUCT_BUNDLE_IDENTIFIER = ru.binaryblitz.POSTerminal;
				PRODUCT_NAME = "$(TARGET_NAME)";
				PROVISIONING_PROFILE = "";
				SWIFT_OBJC_BRIDGING_HEADER = "POSTerminal/POSTerminal-Bridging-Header.h";
				SWIFT_OPTIMIZATION_LEVEL = "-Onone";
				TARGETED_DEVICE_FAMILY = 2;
			};
			name = Debug;
		};
		376D84371CF878D3008A868A /* Release */ = {
			isa = XCBuildConfiguration;
			baseConfigurationReference = 850711AE06D844522B79832B /* Pods-POSTerminal.release.xcconfig */;
			buildSettings = {
				ASSETCATALOG_COMPILER_APPICON_NAME = AppIcon;
				CLANG_ENABLE_MODULES = YES;
				CODE_SIGN_ENTITLEMENTS = POSTerminal/POSTerminal.entitlements;
				CODE_SIGN_IDENTITY = "iPhone Developer";
				"CODE_SIGN_IDENTITY[sdk=iphoneos*]" = "iPhone Developer";
				CURRENT_PROJECT_VERSION = 16;
				INFOPLIST_FILE = POSTerminal/Info.plist;
				IPHONEOS_DEPLOYMENT_TARGET = 9.1;
				LD_RUNPATH_SEARCH_PATHS = "$(inherited) @executable_path/Frameworks";
				LIBRARY_SEARCH_PATHS = (
					"$(inherited)",
					"$(PROJECT_DIR)/lib",
				);
				PRODUCT_BUNDLE_IDENTIFIER = ru.binaryblitz.POSTerminal;
				PRODUCT_NAME = "$(TARGET_NAME)";
				PROVISIONING_PROFILE = "";
				SWIFT_OBJC_BRIDGING_HEADER = "POSTerminal/POSTerminal-Bridging-Header.h";
				TARGETED_DEVICE_FAMILY = 2;
			};
			name = Release;
		};
/* End XCBuildConfiguration section */

/* Begin XCConfigurationList section */
		376D841E1CF878D3008A868A /* Build configuration list for PBXProject "POSTerminal" */ = {
			isa = XCConfigurationList;
			buildConfigurations = (
				376D84331CF878D3008A868A /* Debug */,
				376D84341CF878D3008A868A /* Release */,
			);
			defaultConfigurationIsVisible = 0;
			defaultConfigurationName = Release;
		};
		376D84351CF878D3008A868A /* Build configuration list for PBXNativeTarget "POSTerminal" */ = {
			isa = XCConfigurationList;
			buildConfigurations = (
				376D84361CF878D3008A868A /* Debug */,
				376D84371CF878D3008A868A /* Release */,
			);
			defaultConfigurationIsVisible = 0;
			defaultConfigurationName = Release;
		};
/* End XCConfigurationList section */
	};
	rootObject = 376D841B1CF878D3008A868A /* Project object */;
}
