// !$*UTF8*$!
{
	archiveVersion = 1;
	classes = {
	};
	objectVersion = 46;
	objects = {

/* Begin PBXBuildFile section */
		376D84271CF878D3008A868A /* AppDelegate.swift in Sources */ = {isa = PBXBuildFile; fileRef = 376D84261CF878D3008A868A /* AppDelegate.swift */; };
		376D84291CF878D3008A868A /* ViewController.swift in Sources */ = {isa = PBXBuildFile; fileRef = 376D84281CF878D3008A868A /* ViewController.swift */; };
		376D842C1CF878D3008A868A /* Main.storyboard in Resources */ = {isa = PBXBuildFile; fileRef = 376D842A1CF878D3008A868A /* Main.storyboard */; };
		376D842E1CF878D3008A868A /* Assets.xcassets in Resources */ = {isa = PBXBuildFile; fileRef = 376D842D1CF878D3008A868A /* Assets.xcassets */; };
		376D84311CF878D3008A868A /* LaunchScreen.storyboard in Resources */ = {isa = PBXBuildFile; fileRef = 376D842F1CF878D3008A868A /* LaunchScreen.storyboard */; };
		376D843E1CF9194C008A868A /* ServerManager.swift in Sources */ = {isa = PBXBuildFile; fileRef = 376D843D1CF9194C008A868A /* ServerManager.swift */; };
		376D84401CF91B08008A868A /* Client.swift in Sources */ = {isa = PBXBuildFile; fileRef = 376D843F1CF91B08008A868A /* Client.swift */; };
		376D84421CF91CA2008A868A /* ServerObject.swift in Sources */ = {isa = PBXBuildFile; fileRef = 376D84411CF91CA2008A868A /* ServerObject.swift */; };
		433F28A31EB04C40990067C6 /* Pods_POSTerminal.framework in Frameworks */ = {isa = PBXBuildFile; fileRef = 9978E4E2340700188A2E3627 /* Pods_POSTerminal.framework */; };
/* End PBXBuildFile section */

/* Begin PBXFileReference section */
		376D84231CF878D3008A868A /* POSTerminal.app */ = {isa = PBXFileReference; explicitFileType = wrapper.application; includeInIndex = 0; path = POSTerminal.app; sourceTree = BUILT_PRODUCTS_DIR; };
		376D84261CF878D3008A868A /* AppDelegate.swift */ = {isa = PBXFileReference; lastKnownFileType = sourcecode.swift; path = AppDelegate.swift; sourceTree = "<group>"; };
		376D84281CF878D3008A868A /* ViewController.swift */ = {isa = PBXFileReference; lastKnownFileType = sourcecode.swift; path = ViewController.swift; sourceTree = "<group>"; };
		376D842B1CF878D3008A868A /* Base */ = {isa = PBXFileReference; lastKnownFileType = file.storyboard; name = Base; path = Base.lproj/Main.storyboard; sourceTree = "<group>"; };
		376D842D1CF878D3008A868A /* Assets.xcassets */ = {isa = PBXFileReference; lastKnownFileType = folder.assetcatalog; path = Assets.xcassets; sourceTree = "<group>"; };
		376D84301CF878D3008A868A /* Base */ = {isa = PBXFileReference; lastKnownFileType = file.storyboard; name = Base; path = Base.lproj/LaunchScreen.storyboard; sourceTree = "<group>"; };
		376D84321CF878D3008A868A /* Info.plist */ = {isa = PBXFileReference; lastKnownFileType = text.plist.xml; path = Info.plist; sourceTree = "<group>"; };
		376D843D1CF9194C008A868A /* ServerManager.swift */ = {isa = PBXFileReference; fileEncoding = 4; lastKnownFileType = sourcecode.swift; path = ServerManager.swift; sourceTree = "<group>"; };
		376D843F1CF91B08008A868A /* Client.swift */ = {isa = PBXFileReference; fileEncoding = 4; lastKnownFileType = sourcecode.swift; path = Client.swift; sourceTree = "<group>"; };
		376D84411CF91CA2008A868A /* ServerObject.swift */ = {isa = PBXFileReference; fileEncoding = 4; lastKnownFileType = sourcecode.swift; path = ServerObject.swift; sourceTree = "<group>"; };
		850711AE06D844522B79832B /* Pods-POSTerminal.release.xcconfig */ = {isa = PBXFileReference; includeInIndex = 1; lastKnownFileType = text.xcconfig; name = "Pods-POSTerminal.release.xcconfig"; path = "Pods/Target Support Files/Pods-POSTerminal/Pods-POSTerminal.release.xcconfig"; sourceTree = "<group>"; };
		9978E4E2340700188A2E3627 /* Pods_POSTerminal.framework */ = {isa = PBXFileReference; explicitFileType = wrapper.framework; includeInIndex = 0; path = Pods_POSTerminal.framework; sourceTree = BUILT_PRODUCTS_DIR; };
		C83A96343448D80033F5C69F /* Pods-POSTerminal.debug.xcconfig */ = {isa = PBXFileReference; includeInIndex = 1; lastKnownFileType = text.xcconfig; name = "Pods-POSTerminal.debug.xcconfig"; path = "Pods/Target Support Files/Pods-POSTerminal/Pods-POSTerminal.debug.xcconfig"; sourceTree = "<group>"; };
/* End PBXFileReference section */

/* Begin PBXFrameworksBuildPhase section */
		376D84201CF878D3008A868A /* Frameworks */ = {
			isa = PBXFrameworksBuildPhase;
			buildActionMask = 2147483647;
			files = (
				433F28A31EB04C40990067C6 /* Pods_POSTerminal.framework in Frameworks */,
			);
			runOnlyForDeploymentPostprocessing = 0;
		};
/* End PBXFrameworksBuildPhase section */

/* Begin PBXGroup section */
		376D841A1CF878D3008A868A = {
			isa = PBXGroup;
			children = (
				376D84251CF878D3008A868A /* POSTerminal */,
				376D84241CF878D3008A868A /* Products */,
				4214530925DD207C5A5646B6 /* Pods */,
				ED25E857FB2E7390F58CFB00 /* Frameworks */,
			);
			sourceTree = "<group>";
		};
		376D84241CF878D3008A868A /* Products */ = {
			isa = PBXGroup;
			children = (
				376D84231CF878D3008A868A /* POSTerminal.app */,
			);
			name = Products;
			sourceTree = "<group>";
		};
		376D84251CF878D3008A868A /* POSTerminal */ = {
			isa = PBXGroup;
			children = (
				376D843A1CF91122008A868A /* Controllers */,
				376D84431CF91CC3008A868A /* Protocols */,
				376D84451CF91CE6008A868A /* Managers */,
				376D843B1CF9112D008A868A /* Models */,
				376D84381CF91068008A868A /* Storyboards */,
				376D84391CF910F7008A868A /* App Configuration */,
				376D842D1CF878D3008A868A /* Assets.xcassets */,
			);
			path = POSTerminal;
			sourceTree = "<group>";
		};
		376D84381CF91068008A868A /* Storyboards */ = {
			isa = PBXGroup;
			children = (
				376D842A1CF878D3008A868A /* Main.storyboard */,
				376D842F1CF878D3008A868A /* LaunchScreen.storyboard */,
			);
			name = Storyboards;
			sourceTree = "<group>";
		};
		376D84391CF910F7008A868A /* App Configuration */ = {
			isa = PBXGroup;
			children = (
				376D84261CF878D3008A868A /* AppDelegate.swift */,
				376D84321CF878D3008A868A /* Info.plist */,
			);
			name = "App Configuration";
			sourceTree = "<group>";
		};
		376D843A1CF91122008A868A /* Controllers */ = {
			isa = PBXGroup;
			children = (
				376D84281CF878D3008A868A /* ViewController.swift */,
			);
			name = Controllers;
			sourceTree = "<group>";
		};
		376D843B1CF9112D008A868A /* Models */ = {
			isa = PBXGroup;
			children = (
				376D843F1CF91B08008A868A /* Client.swift */,
			);
			name = Models;
			sourceTree = "<group>";
		};
		376D84431CF91CC3008A868A /* Protocols */ = {
			isa = PBXGroup;
			children = (
				376D84411CF91CA2008A868A /* ServerObject.swift */,
			);
			name = Protocols;
			sourceTree = "<group>";
		};
		376D84451CF91CE6008A868A /* Managers */ = {
			isa = PBXGroup;
			children = (
				376D843D1CF9194C008A868A /* ServerManager.swift */,
			);
			name = Managers;
			sourceTree = "<group>";
		};
		4214530925DD207C5A5646B6 /* Pods */ = {
			isa = PBXGroup;
			children = (
				C83A96343448D80033F5C69F /* Pods-POSTerminal.debug.xcconfig */,
				850711AE06D844522B79832B /* Pods-POSTerminal.release.xcconfig */,
			);
			name = Pods;
			sourceTree = "<group>";
		};
		ED25E857FB2E7390F58CFB00 /* Frameworks */ = {
			isa = PBXGroup;
			children = (
				9978E4E2340700188A2E3627 /* Pods_POSTerminal.framework */,
			);
			name = Frameworks;
			sourceTree = "<group>";
		};
/* End PBXGroup section */

/* Begin PBXNativeTarget section */
		376D84221CF878D3008A868A /* POSTerminal */ = {
			isa = PBXNativeTarget;
			buildConfigurationList = 376D84351CF878D3008A868A /* Build configuration list for PBXNativeTarget "POSTerminal" */;
			buildPhases = (
				C5B2AE1BF539DC5711A479D2 /* 📦 Check Pods Manifest.lock */,
				376D841F1CF878D3008A868A /* Sources */,
				376D84201CF878D3008A868A /* Frameworks */,
				376D84211CF878D3008A868A /* Resources */,
				13C3E7F9D6AEE529C7C45ACC /* 📦 Embed Pods Frameworks */,
				BE402449E626CAE379A7B83F /* 📦 Copy Pods Resources */,
				376D843C1CF91229008A868A /* ShellScript */,
			);
			buildRules = (
			);
			dependencies = (
			);
			name = POSTerminal;
			productName = POSTerminal;
			productReference = 376D84231CF878D3008A868A /* POSTerminal.app */;
			productType = "com.apple.product-type.application";
		};
/* End PBXNativeTarget section */

/* Begin PBXProject section */
		376D841B1CF878D3008A868A /* Project object */ = {
			isa = PBXProject;
			attributes = {
				LastSwiftUpdateCheck = 0730;
				LastUpgradeCheck = 0730;
				ORGANIZATIONNAME = BinaryBlitz;
				TargetAttributes = {
					376D84221CF878D3008A868A = {
						CreatedOnToolsVersion = 7.3;
					};
				};
			};
			buildConfigurationList = 376D841E1CF878D3008A868A /* Build configuration list for PBXProject "POSTerminal" */;
			compatibilityVersion = "Xcode 3.2";
			developmentRegion = English;
			hasScannedForEncodings = 0;
			knownRegions = (
				en,
				Base,
			);
			mainGroup = 376D841A1CF878D3008A868A;
			productRefGroup = 376D84241CF878D3008A868A /* Products */;
			projectDirPath = "";
			projectRoot = "";
			targets = (
				376D84221CF878D3008A868A /* POSTerminal */,
			);
		};
/* End PBXProject section */

/* Begin PBXResourcesBuildPhase section */
		376D84211CF878D3008A868A /* Resources */ = {
			isa = PBXResourcesBuildPhase;
			buildActionMask = 2147483647;
			files = (
				376D84311CF878D3008A868A /* LaunchScreen.storyboard in Resources */,
				376D842E1CF878D3008A868A /* Assets.xcassets in Resources */,
				376D842C1CF878D3008A868A /* Main.storyboard in Resources */,
			);
			runOnlyForDeploymentPostprocessing = 0;
		};
/* End PBXResourcesBuildPhase section */

/* Begin PBXShellScriptBuildPhase section */
		13C3E7F9D6AEE529C7C45ACC /* 📦 Embed Pods Frameworks */ = {
			isa = PBXShellScriptBuildPhase;
			buildActionMask = 2147483647;
			files = (
			);
			inputPaths = (
			);
			name = "📦 Embed Pods Frameworks";
			outputPaths = (
			);
			runOnlyForDeploymentPostprocessing = 0;
			shellPath = /bin/sh;
			shellScript = "\"${SRCROOT}/Pods/Target Support Files/Pods-POSTerminal/Pods-POSTerminal-frameworks.sh\"\n";
			showEnvVarsInLog = 0;
		};
		376D843C1CF91229008A868A /* ShellScript */ = {
			isa = PBXShellScriptBuildPhase;
			buildActionMask = 2147483647;
			files = (
			);
			inputPaths = (
			);
			outputPaths = (
			);
			runOnlyForDeploymentPostprocessing = 0;
			shellPath = /bin/sh;
			shellScript = "\"${PODS_ROOT}/Fabric/run\" 886de8c1d524dbaa9dfdbd457b8c8469ecafdfd4 fe43661af277625de578631f794d9557e38adacd6b02682d23b328918ca7fbf6";
		};
		BE402449E626CAE379A7B83F /* 📦 Copy Pods Resources */ = {
			isa = PBXShellScriptBuildPhase;
			buildActionMask = 2147483647;
			files = (
			);
			inputPaths = (
			);
			name = "📦 Copy Pods Resources";
			outputPaths = (
			);
			runOnlyForDeploymentPostprocessing = 0;
			shellPath = /bin/sh;
			shellScript = "\"${SRCROOT}/Pods/Target Support Files/Pods-POSTerminal/Pods-POSTerminal-resources.sh\"\n";
			showEnvVarsInLog = 0;
		};
		C5B2AE1BF539DC5711A479D2 /* 📦 Check Pods Manifest.lock */ = {
			isa = PBXShellScriptBuildPhase;
			buildActionMask = 2147483647;
			files = (
			);
			inputPaths = (
			);
			name = "📦 Check Pods Manifest.lock";
			outputPaths = (
			);
			runOnlyForDeploymentPostprocessing = 0;
			shellPath = /bin/sh;
			shellScript = "diff \"${PODS_ROOT}/../Podfile.lock\" \"${PODS_ROOT}/Manifest.lock\" > /dev/null\nif [[ $? != 0 ]] ; then\n    cat << EOM\nerror: The sandbox is not in sync with the Podfile.lock. Run 'pod install' or update your CocoaPods installation.\nEOM\n    exit 1\nfi\n";
			showEnvVarsInLog = 0;
		};
/* End PBXShellScriptBuildPhase section */

/* Begin PBXSourcesBuildPhase section */
		376D841F1CF878D3008A868A /* Sources */ = {
			isa = PBXSourcesBuildPhase;
			buildActionMask = 2147483647;
			files = (
				376D84291CF878D3008A868A /* ViewController.swift in Sources */,
				376D843E1CF9194C008A868A /* ServerManager.swift in Sources */,
				376D84421CF91CA2008A868A /* ServerObject.swift in Sources */,
				376D84401CF91B08008A868A /* Client.swift in Sources */,
				376D84271CF878D3008A868A /* AppDelegate.swift in Sources */,
			);
			runOnlyForDeploymentPostprocessing = 0;
		};
/* End PBXSourcesBuildPhase section */

/* Begin PBXVariantGroup section */
		376D842A1CF878D3008A868A /* Main.storyboard */ = {
			isa = PBXVariantGroup;
			children = (
				376D842B1CF878D3008A868A /* Base */,
			);
			name = Main.storyboard;
			sourceTree = "<group>";
		};
		376D842F1CF878D3008A868A /* LaunchScreen.storyboard */ = {
			isa = PBXVariantGroup;
			children = (
				376D84301CF878D3008A868A /* Base */,
			);
			name = LaunchScreen.storyboard;
			sourceTree = "<group>";
		};
/* End PBXVariantGroup section */

/* Begin XCBuildConfiguration section */
		376D84331CF878D3008A868A /* Debug */ = {
			isa = XCBuildConfiguration;
			buildSettings = {
				ALWAYS_SEARCH_USER_PATHS = NO;
				CLANG_ANALYZER_NONNULL = YES;
				CLANG_CXX_LANGUAGE_STANDARD = "gnu++0x";
				CLANG_CXX_LIBRARY = "libc++";
				CLANG_ENABLE_MODULES = YES;
				CLANG_ENABLE_OBJC_ARC = YES;
				CLANG_WARN_BOOL_CONVERSION = YES;
				CLANG_WARN_CONSTANT_CONVERSION = YES;
				CLANG_WARN_DIRECT_OBJC_ISA_USAGE = YES_ERROR;
				CLANG_WARN_EMPTY_BODY = YES;
				CLANG_WARN_ENUM_CONVERSION = YES;
				CLANG_WARN_INT_CONVERSION = YES;
				CLANG_WARN_OBJC_ROOT_CLASS = YES_ERROR;
				CLANG_WARN_UNREACHABLE_CODE = YES;
				CLANG_WARN__DUPLICATE_METHOD_MATCH = YES;
				"CODE_SIGN_IDENTITY[sdk=iphoneos*]" = "iPhone Developer";
				COPY_PHASE_STRIP = NO;
				DEBUG_INFORMATION_FORMAT = dwarf;
				ENABLE_STRICT_OBJC_MSGSEND = YES;
				ENABLE_TESTABILITY = YES;
				GCC_C_LANGUAGE_STANDARD = gnu99;
				GCC_DYNAMIC_NO_PIC = NO;
				GCC_NO_COMMON_BLOCKS = YES;
				GCC_OPTIMIZATION_LEVEL = 0;
				GCC_PREPROCESSOR_DEFINITIONS = (
					"DEBUG=1",
					"$(inherited)",
				);
				GCC_WARN_64_TO_32_BIT_CONVERSION = YES;
				GCC_WARN_ABOUT_RETURN_TYPE = YES_ERROR;
				GCC_WARN_UNDECLARED_SELECTOR = YES;
				GCC_WARN_UNINITIALIZED_AUTOS = YES_AGGRESSIVE;
				GCC_WARN_UNUSED_FUNCTION = YES;
				GCC_WARN_UNUSED_VARIABLE = YES;
				IPHONEOS_DEPLOYMENT_TARGET = 9.3;
				MTL_ENABLE_DEBUG_INFO = YES;
				ONLY_ACTIVE_ARCH = YES;
				SDKROOT = iphoneos;
				SWIFT_OPTIMIZATION_LEVEL = "-Onone";
				TARGETED_DEVICE_FAMILY = 2;
			};
			name = Debug;
		};
		376D84341CF878D3008A868A /* Release */ = {
			isa = XCBuildConfiguration;
			buildSettings = {
				ALWAYS_SEARCH_USER_PATHS = NO;
				CLANG_ANALYZER_NONNULL = YES;
				CLANG_CXX_LANGUAGE_STANDARD = "gnu++0x";
				CLANG_CXX_LIBRARY = "libc++";
				CLANG_ENABLE_MODULES = YES;
				CLANG_ENABLE_OBJC_ARC = YES;
				CLANG_WARN_BOOL_CONVERSION = YES;
				CLANG_WARN_CONSTANT_CONVERSION = YES;
				CLANG_WARN_DIRECT_OBJC_ISA_USAGE = YES_ERROR;
				CLANG_WARN_EMPTY_BODY = YES;
				CLANG_WARN_ENUM_CONVERSION = YES;
				CLANG_WARN_INT_CONVERSION = YES;
				CLANG_WARN_OBJC_ROOT_CLASS = YES_ERROR;
				CLANG_WARN_UNREACHABLE_CODE = YES;
				CLANG_WARN__DUPLICATE_METHOD_MATCH = YES;
				"CODE_SIGN_IDENTITY[sdk=iphoneos*]" = "iPhone Developer";
				COPY_PHASE_STRIP = NO;
				DEBUG_INFORMATION_FORMAT = "dwarf-with-dsym";
				ENABLE_NS_ASSERTIONS = NO;
				ENABLE_STRICT_OBJC_MSGSEND = YES;
				GCC_C_LANGUAGE_STANDARD = gnu99;
				GCC_NO_COMMON_BLOCKS = YES;
				GCC_WARN_64_TO_32_BIT_CONVERSION = YES;
				GCC_WARN_ABOUT_RETURN_TYPE = YES_ERROR;
				GCC_WARN_UNDECLARED_SELECTOR = YES;
				GCC_WARN_UNINITIALIZED_AUTOS = YES_AGGRESSIVE;
				GCC_WARN_UNUSED_FUNCTION = YES;
				GCC_WARN_UNUSED_VARIABLE = YES;
				IPHONEOS_DEPLOYMENT_TARGET = 9.3;
				MTL_ENABLE_DEBUG_INFO = NO;
				SDKROOT = iphoneos;
				TARGETED_DEVICE_FAMILY = 2;
				VALIDATE_PRODUCT = YES;
			};
			name = Release;
		};
		376D84361CF878D3008A868A /* Debug */ = {
			isa = XCBuildConfiguration;
			baseConfigurationReference = C83A96343448D80033F5C69F /* Pods-POSTerminal.debug.xcconfig */;
			buildSettings = {
				ASSETCATALOG_COMPILER_APPICON_NAME = AppIcon;
				CURRENT_PROJECT_VERSION = 2;
				INFOPLIST_FILE = POSTerminal/Info.plist;
				IPHONEOS_DEPLOYMENT_TARGET = 9.1;
				LD_RUNPATH_SEARCH_PATHS = "$(inherited) @executable_path/Frameworks";
				PRODUCT_BUNDLE_IDENTIFIER = ru.binaryblitz.POSTerminal;
				PRODUCT_NAME = "$(TARGET_NAME)";
			};
			name = Debug;
		};
		376D84371CF878D3008A868A /* Release */ = {
			isa = XCBuildConfiguration;
			baseConfigurationReference = 850711AE06D844522B79832B /* Pods-POSTerminal.release.xcconfig */;
			buildSettings = {
				ASSETCATALOG_COMPILER_APPICON_NAME = AppIcon;
				CURRENT_PROJECT_VERSION = 2;
				INFOPLIST_FILE = POSTerminal/Info.plist;
				IPHONEOS_DEPLOYMENT_TARGET = 9.1;
				LD_RUNPATH_SEARCH_PATHS = "$(inherited) @executable_path/Frameworks";
				PRODUCT_BUNDLE_IDENTIFIER = ru.binaryblitz.POSTerminal;
				PRODUCT_NAME = "$(TARGET_NAME)";
			};
			name = Release;
		};
/* End XCBuildConfiguration section */

/* Begin XCConfigurationList section */
		376D841E1CF878D3008A868A /* Build configuration list for PBXProject "POSTerminal" */ = {
			isa = XCConfigurationList;
			buildConfigurations = (
				376D84331CF878D3008A868A /* Debug */,
				376D84341CF878D3008A868A /* Release */,
			);
			defaultConfigurationIsVisible = 0;
			defaultConfigurationName = Release;
		};
		376D84351CF878D3008A868A /* Build configuration list for PBXNativeTarget "POSTerminal" */ = {
			isa = XCConfigurationList;
			buildConfigurations = (
				376D84361CF878D3008A868A /* Debug */,
				376D84371CF878D3008A868A /* Release */,
			);
			defaultConfigurationIsVisible = 0;
			defaultConfigurationName = Release;
		};
/* End XCConfigurationList section */
	};
	rootObject = 376D841B1CF878D3008A868A /* Project object */;
}
